
Microsoft Visual Studio Solution File, Format Version 12.00
# Visual Studio Version 16
VisualStudioVersion = 16.0.31605.320
MinimumVisualStudioVersion = 10.0.40219.1
Project("{8BC9CEB8-8B4A-11D0-8D11-00A0C91BC942}") = "csharpalgostuff", "csharpalgostuff\csharpalgostuff.vcxproj", "{F9AB5BFF-3E64-454A-AC67-5558848BBD8D}"
EndProject
Project("{FAE04EC0-301F-11D3-BF4B-00C04F79EFBC}") = "ConsoleApp1", "ConsoleApp1\ConsoleApp1.csproj", "{4F6EDE12-27B6-4B74-8ACB-5C4116004B46}"
EndProject
Project("{2150E333-8FDC-42A3-9474-1A3956D46DE8}") = "DesignPatterns", "DesignPatterns", "{072FF830-7763-4456-AEA6-443F326422AA}"
EndProject
Project("{2150E333-8FDC-42A3-9474-1A3956D46DE8}") = "Algorithms", "Algorithms", "{316829E4-9D11-4124-AE2A-427AE6905AB2}"
EndProject
Project("{2150E333-8FDC-42A3-9474-1A3956D46DE8}") = "DataStructures", "DataStructures", "{339CB8CF-C3E2-4E68-875F-BFAB2239AD94}"
EndProject
Project("{2150E333-8FDC-42A3-9474-1A3956D46DE8}") = "Singleton", "Singleton", "{1FAAB358-72E9-40BB-86C9-8BEEC86688C0}"
EndProject
Project("{2150E333-8FDC-42A3-9474-1A3956D46DE8}") = "Observer", "Observer", "{1684EEE0-1C10-4AFF-8F28-1AABE4506CE0}"
EndProject
Project("{2150E333-8FDC-42A3-9474-1A3956D46DE8}") = "Factory", "Factory", "{51E83FD7-E92E-41DA-A4F9-DB611A5D796F}"
EndProject
Project("{2150E333-8FDC-42A3-9474-1A3956D46DE8}") = "Strategy", "Strategy", "{A97DE352-7795-4B3B-9381-CC326EE1DFE8}"
EndProject
Project("{2150E333-8FDC-42A3-9474-1A3956D46DE8}") = "Graph", "Graph", "{ECB9D9F8-8B28-4677-8847-250F7A543895}"
EndProject
Project("{2150E333-8FDC-42A3-9474-1A3956D46DE8}") = "DynamicProgramming", "DynamicProgramming", "{298AD7EB-00DD-451F-A89A-80F9D512543A}"
EndProject
Project("{2150E333-8FDC-42A3-9474-1A3956D46DE8}") = "Array", "Array", "{8C9B259D-2942-4A6C-AA32-71C6EBD6BFA3}"
EndProject
Project("{2150E333-8FDC-42A3-9474-1A3956D46DE8}") = "Binary", "Binary", "{DF4DC311-1025-44E1-802C-EE3BBF2ACF67}"
EndProject
Global
	GlobalSection(SolutionConfigurationPlatforms) = preSolution
		Debug|Any CPU = Debug|Any CPU
		Debug|x64 = Debug|x64
		Debug|x86 = Debug|x86
		Release|Any CPU = Release|Any CPU
		Release|x64 = Release|x64
		Release|x86 = Release|x86
	EndGlobalSection
	GlobalSection(ProjectConfigurationPlatforms) = postSolution
		{F9AB5BFF-3E64-454A-AC67-5558848BBD8D}.Debug|Any CPU.ActiveCfg = Debug|Win32
		{F9AB5BFF-3E64-454A-AC67-5558848BBD8D}.Debug|x64.ActiveCfg = Debug|x64
		{F9AB5BFF-3E64-454A-AC67-5558848BBD8D}.Debug|x64.Build.0 = Debug|x64
		{F9AB5BFF-3E64-454A-AC67-5558848BBD8D}.Debug|x86.ActiveCfg = Debug|Win32
		{F9AB5BFF-3E64-454A-AC67-5558848BBD8D}.Debug|x86.Build.0 = Debug|Win32
		{F9AB5BFF-3E64-454A-AC67-5558848BBD8D}.Release|Any CPU.ActiveCfg = Release|Win32
		{F9AB5BFF-3E64-454A-AC67-5558848BBD8D}.Release|x64.ActiveCfg = Release|x64
		{F9AB5BFF-3E64-454A-AC67-5558848BBD8D}.Release|x64.Build.0 = Release|x64
		{F9AB5BFF-3E64-454A-AC67-5558848BBD8D}.Release|x86.ActiveCfg = Release|Win32
		{F9AB5BFF-3E64-454A-AC67-5558848BBD8D}.Release|x86.Build.0 = Release|Win32
		{4F6EDE12-27B6-4B74-8ACB-5C4116004B46}.Debug|Any CPU.ActiveCfg = Debug|Any CPU
		{4F6EDE12-27B6-4B74-8ACB-5C4116004B46}.Debug|Any CPU.Build.0 = Debug|Any CPU
		{4F6EDE12-27B6-4B74-8ACB-5C4116004B46}.Debug|x64.ActiveCfg = Debug|Any CPU
		{4F6EDE12-27B6-4B74-8ACB-5C4116004B46}.Debug|x64.Build.0 = Debug|Any CPU
		{4F6EDE12-27B6-4B74-8ACB-5C4116004B46}.Debug|x86.ActiveCfg = Debug|Any CPU
		{4F6EDE12-27B6-4B74-8ACB-5C4116004B46}.Debug|x86.Build.0 = Debug|Any CPU
		{4F6EDE12-27B6-4B74-8ACB-5C4116004B46}.Release|Any CPU.ActiveCfg = Release|Any CPU
		{4F6EDE12-27B6-4B74-8ACB-5C4116004B46}.Release|Any CPU.Build.0 = Release|Any CPU
		{4F6EDE12-27B6-4B74-8ACB-5C4116004B46}.Release|x64.ActiveCfg = Release|Any CPU
		{4F6EDE12-27B6-4B74-8ACB-5C4116004B46}.Release|x64.Build.0 = Release|Any CPU
		{4F6EDE12-27B6-4B74-8ACB-5C4116004B46}.Release|x86.ActiveCfg = Release|Any CPU
		{4F6EDE12-27B6-4B74-8ACB-5C4116004B46}.Release|x86.Build.0 = Release|Any CPU
	EndGlobalSection
	GlobalSection(SolutionProperties) = preSolution
		HideSolutionNode = FALSE
	EndGlobalSection
	GlobalSection(NestedProjects) = preSolution
		{1FAAB358-72E9-40BB-86C9-8BEEC86688C0} = {072FF830-7763-4456-AEA6-443F326422AA}
		{1684EEE0-1C10-4AFF-8F28-1AABE4506CE0} = {072FF830-7763-4456-AEA6-443F326422AA}
		{51E83FD7-E92E-41DA-A4F9-DB611A5D796F} = {072FF830-7763-4456-AEA6-443F326422AA}
		{A97DE352-7795-4B3B-9381-CC326EE1DFE8} = {072FF830-7763-4456-AEA6-443F326422AA}
		{ECB9D9F8-8B28-4677-8847-250F7A543895} = {339CB8CF-C3E2-4E68-875F-BFAB2239AD94}
		{298AD7EB-00DD-451F-A89A-80F9D512543A} = {339CB8CF-C3E2-4E68-875F-BFAB2239AD94}
		{8C9B259D-2942-4A6C-AA32-71C6EBD6BFA3} = {339CB8CF-C3E2-4E68-875F-BFAB2239AD94}
		{DF4DC311-1025-44E1-802C-EE3BBF2ACF67} = {339CB8CF-C3E2-4E68-875F-BFAB2239AD94}
	EndGlobalSection
	GlobalSection(ExtensibilityGlobals) = postSolution
		SolutionGuid = {3FE5AC5E-50DB-4DC7-9A76-DF8503436F64}
	EndGlobalSection
EndGlobal
